{
    "name": "@capacitor-community/background-geolocation",
    "version": "1.2.26",
    "lockfileVersion": 3,
    "requires": true,
    "packages": {
        "": {
            "name": "@capacitor-community/background-geolocation",
            "version": "1.2.26",
            "license": "MIT",
            "devDependencies": {
                "@capacitor/android": "https://github.com/linuxul/capacitor/releases/download/8.5.3/capacitor-android-8.5.3.tgz",
                "@capacitor/core": "https://github.com/linuxul/capacitor/releases/download/8.5.3/capacitor-core-8.5.3.tgz",
                "@capacitor/ios": "https://github.com/linuxul/capacitor/releases/download/8.5.3/capacitor-ios-8.5.3.tgz"
            },
            "peerDependencies": {
                "@capacitor/core": ">=8.0.0"
            }
        },
        "node_modules/@capacitor/android": {
            "version": "8.5.3",
            "resolved": "https://github.com/linuxul/capacitor/releases/download/8.5.3/capacitor-android-8.5.3.tgz",
            "integrity": "sha512-NZe8ZEF82D3XaFm4e8tbYl3K0a+rqNVAk3HsGAwy6gSSuAadvjFqD97psTeJvPi33FqRQV8FtmxOGkBPpO4+bg==",
            "dev": true,
            "license": "MIT",
            "peerDependencies": {
                "@capacitor/core": "^8.5.0"
            }
        },
        "node_modules/@capacitor/core": {
            "version": "8.5.3",
            "resolved": "https://github.com/linuxul/capacitor/releases/download/8.5.3/capacitor-core-8.5.3.tgz",
            "integrity": "sha512-PTdlhfjTDo3ulhEqpabFI75s/ZGmkO8xlrWHRg2CtEoVXhndGU0RYVg/T2JGaMZ/NVsat61nt8TfkqTOtTniRw==",
            "dev": true,
            "license": "MIT",
            "dependencies": {
                "tslib": "^2.1.0"
            }
        },
        "node_modules/@capacitor/ios": {
            "version": "8.5.3",
            "resolved": "https://github.com/linuxul/capacitor/releases/download/8.5.3/capacitor-ios-8.5.3.tgz",
            "integrity": "sha512-gcWkKxS2JrQJDQJukYLsUYFLQL4hAMi1aIoYzk7qcLl3gLR5W5sluXV5gphVJZVjORgXl/YRJX29+DlRghM4ZQ==",
            "dev": true,
            "license": "MIT",
            "peerDependencies": {
                "@capacitor/core": "^8.5.0"
            }
        },
        "node_modules/tslib": {
            "version": "2.6.2",
            "resolved": "https://registry.npmjs.org/tslib/-/tslib-2.6.2.tgz",
            "integrity": "sha512-AEYxH93jGFPn/a2iVAwW87VuUIkR1FVUKB77NwMF7nBTDkDrrT/Hpt/IrCJ0QXhW27jTBDcf5ZY7w6RiqTMw2Q==",
            "dev": true
        }
    }
}
